Microsoft Visual Studio Solution File, Format Version 12.00
# Visual Studio 15
VisualStudioVersion = 15.0.27130.2036
MinimumVisualStudioVersion = 15.0.26730.16
Project("{2150E333-8FDC-42A3-9474-1A3956D46DE8}") = "Solution Items", "Solution Items", "{2745D9FA-8583-434A-87D8-9A8BC11F5B0B}"
	ProjectSection(SolutionItems) = preProject
		Directory.Build.props = Directory.Build.props
	EndProjectSection
EndProject
Project("{9A19103F-16F7-4668-BE54-9A1E7A4F7556}") = "TextCopy", "TextCopy\TextCopy.csproj", "{92E64F4E-6A8E-43C2-9C8D-694E0327BEF0}"
EndProject
Project("{9A19103F-16F7-4668-BE54-9A1E7A4F7556}") = "Tests", "Tests\Tests.csproj", "{87DB4CC0-4AC3-4AC1-97FD-7C55D3B921D9}"
EndProject
Project("{FAE04EC0-301F-11D3-BF4B-00C04F79EFBC}") = "TestConsole", "TestConsole\TestConsole.csproj", "{01C65189-BBE7-40B6-8D11-57CEF7ECD5BC}"
EndProject
Global
	GlobalSection(SolutionConfigurationPlatforms) = preSolution
		Debug|Any CPU = Debug|Any CPU
		Release|Any CPU = Release|Any CPU
	EndGlobalSection
	GlobalSection(ProjectConfigurationPlatforms) = postSolution
		{92E64F4E-6A8E-43C2-9C8D-694E0327BEF0}.Debug|Any CPU.ActiveCfg = Debug|Any CPU
		{92E64F4E-6A8E-43C2-9C8D-694E0327BEF0}.Debug|Any CPU.Build.0 = Debug|Any CPU
		{92E64F4E-6A8E-43C2-9C8D-694E0327BEF0}.Release|Any CPU.ActiveCfg = Release|Any CPU
		{92E64F4E-6A8E-43C2-9C8D-694E0327BEF0}.Release|Any CPU.Build.0 = Release|Any CPU
		{87DB4CC0-4AC3-4AC1-97FD-7C55D3B921D9}.Debug|Any CPU.ActiveCfg = Debug|Any CPU
		{87DB4CC0-4AC3-4AC1-97FD-7C55D3B921D9}.Debug|Any CPU.Build.0 = Debug|Any CPU
		{87DB4CC0-4AC3-4AC1-97FD-7C55D3B921D9}.Release|Any CPU.ActiveCfg = Release|Any CPU
		{87DB4CC0-4AC3-4AC1-97FD-7C55D3B921D9}.Release|Any CPU.Build.0 = Release|Any CPU
		{01C65189-BBE7-40B6-8D11-57CEF7ECD5BC}.Debug|Any CPU.ActiveCfg = Debug|Any CPU
		{01C65189-BBE7-40B6-8D11-57CEF7ECD5BC}.Debug|Any CPU.Build.0 = Debug|Any CPU
		{01C65189-BBE7-40B6-8D11-57CEF7ECD5BC}.Release|Any CPU.ActiveCfg = Release|Any CPU
		{01C65189-BBE7-40B6-8D11-57CEF7ECD5BC}.Release|Any CPU.Build.0 = Release|Any CPU
	EndGlobalSection
	GlobalSection(SolutionProperties) = preSolution
		HideSolutionNode = FALSE
	EndGlobalSection
	GlobalSection(ExtensibilityGlobals) = postSolution
		SolutionGuid = {A9DBE1FD-2601-4F67-B85B-CE26A668FA05}
	EndGlobalSection
EndGlobal
