Microsoft Visual Studio Solution File, Format Version 12.00
# Visual Studio Version 16
VisualStudioVersion = 16.0.29519.161
MinimumVisualStudioVersion = 15.0.26730.16
Project("{2150E333-8FDC-42A3-9474-1A3956D46DE8}") = "Solution Items", "Solution Items", "{2745D9FA-8583-434A-87D8-9A8BC11F5B0B}"
	ProjectSection(SolutionItems) = preProject
		.editorconfig = .editorconfig
		.travis.yml = .travis.yml
		appveyor.yml = appveyor.yml
		Directory.Build.props = Directory.Build.props
	EndProjectSection
EndProject
Project("{9A19103F-16F7-4668-BE54-9A1E7A4F7556}") = "TextCopy", "TextCopy\TextCopy.csproj", "{92E64F4E-6A8E-43C2-9C8D-694E0327BEF0}"
EndProject
Project("{9A19103F-16F7-4668-BE54-9A1E7A4F7556}") = "Tests", "Tests\Tests.csproj", "{87DB4CC0-4AC3-4AC1-97FD-7C55D3B921D9}"
EndProject
Project("{9A19103F-16F7-4668-BE54-9A1E7A4F7556}") = "TestConsole", "TestConsole\TestConsole.csproj", "{01C65189-BBE7-40B6-8D11-57CEF7ECD5BC}"
EndProject
Project("{FAE04EC0-301F-11D3-BF4B-00C04F79EFBC}") = "UapApp", "UapApp\UapApp.csproj", "{2E246AC3-7005-4558-9088-B876DA5FF803}"
EndProject
Project("{FAE04EC0-301F-11D3-BF4B-00C04F79EFBC}") = "AndroidApp", "AndroidApp\AndroidApp.csproj", "{A4D6B21C-83A7-4187-952D-EAC60BD40098}"
EndProject
Global
	GlobalSection(SolutionConfigurationPlatforms) = preSolution
		Debug|Any CPU = Debug|Any CPU
		Debug|ARM = Debug|ARM
		Debug|ARM64 = Debug|ARM64
		Debug|x64 = Debug|x64
		Debug|x86 = Debug|x86
		Release|Any CPU = Release|Any CPU
		Release|ARM = Release|ARM
		Release|ARM64 = Release|ARM64
		Release|x64 = Release|x64
		Release|x86 = Release|x86
	EndGlobalSection
	GlobalSection(ProjectConfigurationPlatforms) = postSolution
		{92E64F4E-6A8E-43C2-9C8D-694E0327BEF0}.Debug|Any CPU.ActiveCfg = Debug|Any CPU
		{92E64F4E-6A8E-43C2-9C8D-694E0327BEF0}.Debug|Any CPU.Build.0 = Debug|Any CPU
		{92E64F4E-6A8E-43C2-9C8D-694E0327BEF0}.Debug|ARM.ActiveCfg = Debug|Any CPU
		{92E64F4E-6A8E-43C2-9C8D-694E0327BEF0}.Debug|ARM.Build.0 = Debug|Any CPU
		{92E64F4E-6A8E-43C2-9C8D-694E0327BEF0}.Debug|ARM64.ActiveCfg = Debug|Any CPU
		{92E64F4E-6A8E-43C2-9C8D-694E0327BEF0}.Debug|ARM64.Build.0 = Debug|Any CPU
		{92E64F4E-6A8E-43C2-9C8D-694E0327BEF0}.Debug|x64.ActiveCfg = Debug|Any CPU
		{92E64F4E-6A8E-43C2-9C8D-694E0327BEF0}.Debug|x64.Build.0 = Debug|Any CPU
		{92E64F4E-6A8E-43C2-9C8D-694E0327BEF0}.Debug|x86.ActiveCfg = Debug|Any CPU
		{92E64F4E-6A8E-43C2-9C8D-694E0327BEF0}.Debug|x86.Build.0 = Debug|Any CPU
		{92E64F4E-6A8E-43C2-9C8D-694E0327BEF0}.Release|Any CPU.ActiveCfg = Release|Any CPU
		{92E64F4E-6A8E-43C2-9C8D-694E0327BEF0}.Release|Any CPU.Build.0 = Release|Any CPU
		{92E64F4E-6A8E-43C2-9C8D-694E0327BEF0}.Release|ARM.ActiveCfg = Release|Any CPU
		{92E64F4E-6A8E-43C2-9C8D-694E0327BEF0}.Release|ARM.Build.0 = Release|Any CPU
		{92E64F4E-6A8E-43C2-9C8D-694E0327BEF0}.Release|ARM64.ActiveCfg = Release|Any CPU
		{92E64F4E-6A8E-43C2-9C8D-694E0327BEF0}.Release|ARM64.Build.0 = Release|Any CPU
		{92E64F4E-6A8E-43C2-9C8D-694E0327BEF0}.Release|x64.ActiveCfg = Release|Any CPU
		{92E64F4E-6A8E-43C2-9C8D-694E0327BEF0}.Release|x64.Build.0 = Release|Any CPU
		{92E64F4E-6A8E-43C2-9C8D-694E0327BEF0}.Release|x86.ActiveCfg = Release|Any CPU
		{92E64F4E-6A8E-43C2-9C8D-694E0327BEF0}.Release|x86.Build.0 = Release|Any CPU
		{87DB4CC0-4AC3-4AC1-97FD-7C55D3B921D9}.Debug|Any CPU.ActiveCfg = Debug|Any CPU
		{87DB4CC0-4AC3-4AC1-97FD-7C55D3B921D9}.Debug|Any CPU.Build.0 = Debug|Any CPU
		{87DB4CC0-4AC3-4AC1-97FD-7C55D3B921D9}.Debug|ARM.ActiveCfg = Debug|Any CPU
		{87DB4CC0-4AC3-4AC1-97FD-7C55D3B921D9}.Debug|ARM.Build.0 = Debug|Any CPU
		{87DB4CC0-4AC3-4AC1-97FD-7C55D3B921D9}.Debug|ARM64.ActiveCfg = Debug|Any CPU
		{87DB4CC0-4AC3-4AC1-97FD-7C55D3B921D9}.Debug|ARM64.Build.0 = Debug|Any CPU
		{87DB4CC0-4AC3-4AC1-97FD-7C55D3B921D9}.Debug|x64.ActiveCfg = Debug|Any CPU
		{87DB4CC0-4AC3-4AC1-97FD-7C55D3B921D9}.Debug|x64.Build.0 = Debug|Any CPU
		{87DB4CC0-4AC3-4AC1-97FD-7C55D3B921D9}.Debug|x86.ActiveCfg = Debug|Any CPU
		{87DB4CC0-4AC3-4AC1-97FD-7C55D3B921D9}.Debug|x86.Build.0 = Debug|Any CPU
		{87DB4CC0-4AC3-4AC1-97FD-7C55D3B921D9}.Release|Any CPU.ActiveCfg = Release|Any CPU
		{87DB4CC0-4AC3-4AC1-97FD-7C55D3B921D9}.Release|Any CPU.Build.0 = Release|Any CPU
		{87DB4CC0-4AC3-4AC1-97FD-7C55D3B921D9}.Release|ARM.ActiveCfg = Release|Any CPU
		{87DB4CC0-4AC3-4AC1-97FD-7C55D3B921D9}.Release|ARM.Build.0 = Release|Any CPU
		{87DB4CC0-4AC3-4AC1-97FD-7C55D3B921D9}.Release|ARM64.ActiveCfg = Release|Any CPU
		{87DB4CC0-4AC3-4AC1-97FD-7C55D3B921D9}.Release|ARM64.Build.0 = Release|Any CPU
		{87DB4CC0-4AC3-4AC1-97FD-7C55D3B921D9}.Release|x64.ActiveCfg = Release|Any CPU
		{87DB4CC0-4AC3-4AC1-97FD-7C55D3B921D9}.Release|x64.Build.0 = Release|Any CPU
		{87DB4CC0-4AC3-4AC1-97FD-7C55D3B921D9}.Release|x86.ActiveCfg = Release|Any CPU
		{87DB4CC0-4AC3-4AC1-97FD-7C55D3B921D9}.Release|x86.Build.0 = Release|Any CPU
		{01C65189-BBE7-40B6-8D11-57CEF7ECD5BC}.Debug|Any CPU.ActiveCfg = Debug|Any CPU
		{01C65189-BBE7-40B6-8D11-57CEF7ECD5BC}.Debug|Any CPU.Build.0 = Debug|Any CPU
		{01C65189-BBE7-40B6-8D11-57CEF7ECD5BC}.Debug|ARM.ActiveCfg = Debug|Any CPU
		{01C65189-BBE7-40B6-8D11-57CEF7ECD5BC}.Debug|ARM.Build.0 = Debug|Any CPU
		{01C65189-BBE7-40B6-8D11-57CEF7ECD5BC}.Debug|ARM64.ActiveCfg = Debug|Any CPU
		{01C65189-BBE7-40B6-8D11-57CEF7ECD5BC}.Debug|ARM64.Build.0 = Debug|Any CPU
		{01C65189-BBE7-40B6-8D11-57CEF7ECD5BC}.Debug|x64.ActiveCfg = Debug|Any CPU
		{01C65189-BBE7-40B6-8D11-57CEF7ECD5BC}.Debug|x64.Build.0 = Debug|Any CPU
		{01C65189-BBE7-40B6-8D11-57CEF7ECD5BC}.Debug|x86.ActiveCfg = Debug|Any CPU
		{01C65189-BBE7-40B6-8D11-57CEF7ECD5BC}.Debug|x86.Build.0 = Debug|Any CPU
		{01C65189-BBE7-40B6-8D11-57CEF7ECD5BC}.Release|Any CPU.ActiveCfg = Release|Any CPU
		{01C65189-BBE7-40B6-8D11-57CEF7ECD5BC}.Release|Any CPU.Build.0 = Release|Any CPU
		{01C65189-BBE7-40B6-8D11-57CEF7ECD5BC}.Release|ARM.ActiveCfg = Release|Any CPU
		{01C65189-BBE7-40B6-8D11-57CEF7ECD5BC}.Release|ARM.Build.0 = Release|Any CPU
		{01C65189-BBE7-40B6-8D11-57CEF7ECD5BC}.Release|ARM64.ActiveCfg = Release|Any CPU
		{01C65189-BBE7-40B6-8D11-57CEF7ECD5BC}.Release|ARM64.Build.0 = Release|Any CPU
		{01C65189-BBE7-40B6-8D11-57CEF7ECD5BC}.Release|x64.ActiveCfg = Release|Any CPU
		{01C65189-BBE7-40B6-8D11-57CEF7ECD5BC}.Release|x64.Build.0 = Release|Any CPU
		{01C65189-BBE7-40B6-8D11-57CEF7ECD5BC}.Release|x86.ActiveCfg = Release|Any CPU
		{01C65189-BBE7-40B6-8D11-57CEF7ECD5BC}.Release|x86.Build.0 = Release|Any CPU
		{2E246AC3-7005-4558-9088-B876DA5FF803}.Debug|Any CPU.ActiveCfg = Debug|x86
		{2E246AC3-7005-4558-9088-B876DA5FF803}.Debug|Any CPU.Build.0 = Debug|x86
		{2E246AC3-7005-4558-9088-B876DA5FF803}.Debug|Any CPU.Deploy.0 = Debug|x86
		{2E246AC3-7005-4558-9088-B876DA5FF803}.Debug|ARM.ActiveCfg = Debug|ARM
		{2E246AC3-7005-4558-9088-B876DA5FF803}.Debug|ARM.Build.0 = Debug|ARM
		{2E246AC3-7005-4558-9088-B876DA5FF803}.Debug|ARM.Deploy.0 = Debug|ARM
		{2E246AC3-7005-4558-9088-B876DA5FF803}.Debug|ARM64.ActiveCfg = Debug|ARM64
		{2E246AC3-7005-4558-9088-B876DA5FF803}.Debug|ARM64.Build.0 = Debug|ARM64
		{2E246AC3-7005-4558-9088-B876DA5FF803}.Debug|ARM64.Deploy.0 = Debug|ARM64
		{2E246AC3-7005-4558-9088-B876DA5FF803}.Debug|x64.ActiveCfg = Debug|x64
		{2E246AC3-7005-4558-9088-B876DA5FF803}.Debug|x64.Build.0 = Debug|x64
		{2E246AC3-7005-4558-9088-B876DA5FF803}.Debug|x64.Deploy.0 = Debug|x64
		{2E246AC3-7005-4558-9088-B876DA5FF803}.Debug|x86.ActiveCfg = Debug|x86
		{2E246AC3-7005-4558-9088-B876DA5FF803}.Debug|x86.Build.0 = Debug|x86
		{2E246AC3-7005-4558-9088-B876DA5FF803}.Debug|x86.Deploy.0 = Debug|x86
		{2E246AC3-7005-4558-9088-B876DA5FF803}.Release|Any CPU.ActiveCfg = Release|x86
		{2E246AC3-7005-4558-9088-B876DA5FF803}.Release|ARM.ActiveCfg = Release|ARM
		{2E246AC3-7005-4558-9088-B876DA5FF803}.Release|ARM.Build.0 = Release|ARM
		{2E246AC3-7005-4558-9088-B876DA5FF803}.Release|ARM.Deploy.0 = Release|ARM
		{2E246AC3-7005-4558-9088-B876DA5FF803}.Release|ARM64.ActiveCfg = Release|ARM64
		{2E246AC3-7005-4558-9088-B876DA5FF803}.Release|ARM64.Build.0 = Release|ARM64
		{2E246AC3-7005-4558-9088-B876DA5FF803}.Release|ARM64.Deploy.0 = Release|ARM64
		{2E246AC3-7005-4558-9088-B876DA5FF803}.Release|x64.ActiveCfg = Release|x64
		{2E246AC3-7005-4558-9088-B876DA5FF803}.Release|x64.Build.0 = Release|x64
		{2E246AC3-7005-4558-9088-B876DA5FF803}.Release|x64.Deploy.0 = Release|x64
		{2E246AC3-7005-4558-9088-B876DA5FF803}.Release|x86.ActiveCfg = Release|x86
		{2E246AC3-7005-4558-9088-B876DA5FF803}.Release|x86.Build.0 = Release|x86
		{2E246AC3-7005-4558-9088-B876DA5FF803}.Release|x86.Deploy.0 = Release|x86
		{A4D6B21C-83A7-4187-952D-EAC60BD40098}.Debug|Any CPU.ActiveCfg = Debug|Any CPU
		{A4D6B21C-83A7-4187-952D-EAC60BD40098}.Debug|Any CPU.Build.0 = Debug|Any CPU
		{A4D6B21C-83A7-4187-952D-EAC60BD40098}.Debug|Any CPU.Deploy.0 = Debug|Any CPU
		{A4D6B21C-83A7-4187-952D-EAC60BD40098}.Debug|ARM.ActiveCfg = Debug|Any CPU
		{A4D6B21C-83A7-4187-952D-EAC60BD40098}.Debug|ARM.Build.0 = Debug|Any CPU
		{A4D6B21C-83A7-4187-952D-EAC60BD40098}.Debug|ARM.Deploy.0 = Debug|Any CPU
		{A4D6B21C-83A7-4187-952D-EAC60BD40098}.Debug|ARM64.ActiveCfg = Debug|Any CPU
		{A4D6B21C-83A7-4187-952D-EAC60BD40098}.Debug|ARM64.Build.0 = Debug|Any CPU
		{A4D6B21C-83A7-4187-952D-EAC60BD40098}.Debug|ARM64.Deploy.0 = Debug|Any CPU
		{A4D6B21C-83A7-4187-952D-EAC60BD40098}.Debug|x64.ActiveCfg = Debug|Any CPU
		{A4D6B21C-83A7-4187-952D-EAC60BD40098}.Debug|x64.Build.0 = Debug|Any CPU
		{A4D6B21C-83A7-4187-952D-EAC60BD40098}.Debug|x64.Deploy.0 = Debug|Any CPU
		{A4D6B21C-83A7-4187-952D-EAC60BD40098}.Debug|x86.ActiveCfg = Debug|Any CPU
		{A4D6B21C-83A7-4187-952D-EAC60BD40098}.Debug|x86.Build.0 = Debug|Any CPU
		{A4D6B21C-83A7-4187-952D-EAC60BD40098}.Debug|x86.Deploy.0 = Debug|Any CPU
		{A4D6B21C-83A7-4187-952D-EAC60BD40098}.Release|Any CPU.ActiveCfg = Release|Any CPU
		{A4D6B21C-83A7-4187-952D-EAC60BD40098}.Release|Any CPU.Build.0 = Release|Any CPU
		{A4D6B21C-83A7-4187-952D-EAC60BD40098}.Release|Any CPU.Deploy.0 = Release|Any CPU
		{A4D6B21C-83A7-4187-952D-EAC60BD40098}.Release|ARM.ActiveCfg = Release|Any CPU
		{A4D6B21C-83A7-4187-952D-EAC60BD40098}.Release|ARM.Build.0 = Release|Any CPU
		{A4D6B21C-83A7-4187-952D-EAC60BD40098}.Release|ARM.Deploy.0 = Release|Any CPU
		{A4D6B21C-83A7-4187-952D-EAC60BD40098}.Release|ARM64.ActiveCfg = Release|Any CPU
		{A4D6B21C-83A7-4187-952D-EAC60BD40098}.Release|ARM64.Build.0 = Release|Any CPU
		{A4D6B21C-83A7-4187-952D-EAC60BD40098}.Release|ARM64.Deploy.0 = Release|Any CPU
		{A4D6B21C-83A7-4187-952D-EAC60BD40098}.Release|x64.ActiveCfg = Release|Any CPU
		{A4D6B21C-83A7-4187-952D-EAC60BD40098}.Release|x64.Build.0 = Release|Any CPU
		{A4D6B21C-83A7-4187-952D-EAC60BD40098}.Release|x64.Deploy.0 = Release|Any CPU
		{A4D6B21C-83A7-4187-952D-EAC60BD40098}.Release|x86.ActiveCfg = Release|Any CPU
		{A4D6B21C-83A7-4187-952D-EAC60BD40098}.Release|x86.Build.0 = Release|Any CPU
		{A4D6B21C-83A7-4187-952D-EAC60BD40098}.Release|x86.Deploy.0 = Release|Any CPU
	EndGlobalSection
	GlobalSection(SolutionProperties) = preSolution
		HideSolutionNode = FALSE
	EndGlobalSection
	GlobalSection(ExtensibilityGlobals) = postSolution
		SolutionGuid = {A9DBE1FD-2601-4F67-B85B-CE26A668FA05}
	EndGlobalSection
EndGlobal
